
Microsoft Visual Studio Solution File, Format Version 12.00
# Visual Studio Version 16
VisualStudioVersion = 16.0.31702.278
MinimumVisualStudioVersion = 10.0.40219.1
Project("{FAE04EC0-301F-11D3-BF4B-00C04F79EFBC}") = "ChangeTracker", "ChangeTracker\ChangeTracker.csproj", "{94273D87-E88C-43CE-89ED-2F47BCB5E833}"
EndProject
Project("{FAE04EC0-301F-11D3-BF4B-00C04F79EFBC}") = "ChangeTracker.Tests", "ChangeTracker.Tests\ChangeTracker.Tests.csproj", "{7F2DC98F-5500-479F-9F32-77A1EDE26003}"
EndProject
Global
	GlobalSection(SolutionConfigurationPlatforms) = preSolution
		Debug|Any CPU = Debug|Any CPU
		Release|Any CPU = Release|Any CPU
	EndGlobalSection
	GlobalSection(ProjectConfigurationPlatforms) = postSolution
		{94273D87-E88C-43CE-89ED-2F47BCB5E833}.Debug|Any CPU.ActiveCfg = Debug|Any CPU
		{94273D87-E88C-43CE-89ED-2F47BCB5E833}.Debug|Any CPU.Build.0 = Debug|Any CPU
		{94273D87-E88C-43CE-89ED-2F47BCB5E833}.Release|Any CPU.ActiveCfg = Release|Any CPU
		{94273D87-E88C-43CE-89ED-2F47BCB5E833}.Release|Any CPU.Build.0 = Release|Any CPU
		{7F2DC98F-5500-479F-9F32-77A1EDE26003}.Debug|Any CPU.ActiveCfg = Debug|Any CPU
		{7F2DC98F-5500-479F-9F32-77A1EDE26003}.Debug|Any CPU.Build.0 = Debug|Any CPU
		{7F2DC98F-5500-479F-9F32-77A1EDE26003}.Release|Any CPU.ActiveCfg = Release|Any CPU
		{7F2DC98F-5500-479F-9F32-77A1EDE26003}.Release|Any CPU.Build.0 = Release|Any CPU
	EndGlobalSection
	GlobalSection(SolutionProperties) = preSolution
		HideSolutionNode = FALSE
	EndGlobalSection
	GlobalSection(ExtensibilityGlobals) = postSolution
		SolutionGuid = {36ECAAE0-F8A5-4202-BF5D-C317FE528BC5}
	EndGlobalSection
EndGlobal
